
Microsoft Visual Studio Solution File, Format Version 12.00
# Visual Studio Version 17
VisualStudioVersion = 17.14.36623.8 d17.14
MinimumVisualStudioVersion = 10.0.40219.1
Project("{FAE04EC0-301F-11D3-BF4B-00C04F79EFBC}") = "BssenTextRPG", "BssenTextRPG.csproj", "{D3E60625-DEAE-4A32-B53F-F717B362836B}"
EndProject
Global
	GlobalSection(SolutionConfigurationPlatforms) = preSolution
		Debug|Any CPU = Debug|Any CPU
		Release|Any CPU = Release|Any CPU
	EndGlobalSection
	GlobalSection(ProjectConfigurationPlatforms) = postSolution
		{D3E60625-DEAE-4A32-B53F-F717B362836B}.Debug|Any CPU.ActiveCfg = Debug|Any CPU
		{D3E60625-DEAE-4A32-B53F-F717B362836B}.Debug|Any CPU.Build.0 = Debug|Any CPU
		{D3E60625-DEAE-4A32-B53F-F717B362836B}.Release|Any CPU.ActiveCfg = Release|Any CPU
		{D3E60625-DEAE-4A32-B53F-F717B362836B}.Release|Any CPU.Build.0 = Release|Any CPU
	EndGlobalSection
	GlobalSection(SolutionProperties) = preSolution
		HideSolutionNode = FALSE
	EndGlobalSection
	GlobalSection(ExtensibilityGlobals) = postSolution
		SolutionGuid = {5E5DD72A-E524-464D-BE35-53EFDD9585A4}
	EndGlobalSection
EndGlobal
